
Microsoft Visual Studio Solution File, Format Version 12.00
# Visual Studio Version 17
VisualStudioVersion = 17.0.31903.59
MinimumVisualStudioVersion = 10.0.40219.1
Project("{2150E333-8FDC-42A3-9474-1A3956D46DE8}") = "src", "src", "{827E0CD3-B72D-47B6-A68D-7590B98EB39B}"
EndProject
Project("{FAE04EC0-301F-11D3-BF4B-00C04F79EFBC}") = "AiCodeControl.Cli", "src\AiCodeControl.Cli\AiCodeControl.Cli.csproj", "{16862291-92CF-4768-B947-9AC6FB01B723}"
EndProject
Project("{FAE04EC0-301F-11D3-BF4B-00C04F79EFBC}") = "AiCodeControl.Core", "src\AiCodeControl.Core\AiCodeControl.Core.csproj", "{F33B436B-4309-4106-BA2F-FE9DAD046FA3}"
EndProject
Project("{FAE04EC0-301F-11D3-BF4B-00C04F79EFBC}") = "AiCodeControl.PythonIndexer", "src\AiCodeControl.PythonIndexer\AiCodeControl.PythonIndexer.csproj", "{1AE9CDC8-1E77-4E65-BA91-6B6C87E15D58}"
EndProject
Project("{FAE04EC0-301F-11D3-BF4B-00C04F79EFBC}") = "AiCodeControl.RustIndexer", "src\AiCodeControl.RustIndexer\AiCodeControl.RustIndexer.csproj", "{4E0A7881-C70D-4001-834E-69713C483A1E}"
EndProject
Project("{FAE04EC0-301F-11D3-BF4B-00C04F79EFBC}") = "AiCodeControl.RefactorGuard", "src\AiCodeControl.RefactorGuard\AiCodeControl.RefactorGuard.csproj", "{D63B9CE0-B86B-45FA-8D17-13A58BA14FE6}"
EndProject
Project("{FAE04EC0-301F-11D3-BF4B-00C04F79EFBC}") = "AiCodeControl.Memory", "src\AiCodeControl.Memory\AiCodeControl.Memory.csproj", "{F512189F-88AC-47DF-9909-08FFA91AA542}"
EndProject
Project("{FAE04EC0-301F-11D3-BF4B-00C04F79EFBC}") = "AiCodeControl.Tests", "tests\AiCodeControl.Tests\AiCodeControl.Tests.csproj", "{0E355A58-727B-423F-B006-FB3ACBEEC394}"
EndProject
Project("{FAE04EC0-301F-11D3-BF4B-00C04F79EFBC}") = "AiCodeControl.CodeIndexer", "src\AiCodeControl.CodeIndexer\AiCodeControl.CodeIndexer.csproj", "{78CB829D-3680-45CD-ADFE-862A3AE02BEE}"
EndProject
Global
	GlobalSection(SolutionConfigurationPlatforms) = preSolution
		Debug|Any CPU = Debug|Any CPU
		Debug|x64 = Debug|x64
		Debug|x86 = Debug|x86
		Release|Any CPU = Release|Any CPU
		Release|x64 = Release|x64
		Release|x86 = Release|x86
	EndGlobalSection
	GlobalSection(ProjectConfigurationPlatforms) = postSolution
		{16862291-92CF-4768-B947-9AC6FB01B723}.Debug|Any CPU.ActiveCfg = Debug|Any CPU
		{16862291-92CF-4768-B947-9AC6FB01B723}.Debug|Any CPU.Build.0 = Debug|Any CPU
		{16862291-92CF-4768-B947-9AC6FB01B723}.Debug|x64.ActiveCfg = Debug|Any CPU
		{16862291-92CF-4768-B947-9AC6FB01B723}.Debug|x64.Build.0 = Debug|Any CPU
		{16862291-92CF-4768-B947-9AC6FB01B723}.Debug|x86.ActiveCfg = Debug|Any CPU
		{16862291-92CF-4768-B947-9AC6FB01B723}.Debug|x86.Build.0 = Debug|Any CPU
		{16862291-92CF-4768-B947-9AC6FB01B723}.Release|Any CPU.ActiveCfg = Release|Any CPU
		{16862291-92CF-4768-B947-9AC6FB01B723}.Release|Any CPU.Build.0 = Release|Any CPU
		{16862291-92CF-4768-B947-9AC6FB01B723}.Release|x64.ActiveCfg = Release|Any CPU
		{16862291-92CF-4768-B947-9AC6FB01B723}.Release|x64.Build.0 = Release|Any CPU
		{16862291-92CF-4768-B947-9AC6FB01B723}.Release|x86.ActiveCfg = Release|Any CPU
		{16862291-92CF-4768-B947-9AC6FB01B723}.Release|x86.Build.0 = Release|Any CPU
		{F33B436B-4309-4106-BA2F-FE9DAD046FA3}.Debug|Any CPU.ActiveCfg = Debug|Any CPU
		{F33B436B-4309-4106-BA2F-FE9DAD046FA3}.Debug|Any CPU.Build.0 = Debug|Any CPU
		{F33B436B-4309-4106-BA2F-FE9DAD046FA3}.Debug|x64.ActiveCfg = Debug|Any CPU
		{F33B436B-4309-4106-BA2F-FE9DAD046FA3}.Debug|x64.Build.0 = Debug|Any CPU
		{F33B436B-4309-4106-BA2F-FE9DAD046FA3}.Debug|x86.ActiveCfg = Debug|Any CPU
		{F33B436B-4309-4106-BA2F-FE9DAD046FA3}.Debug|x86.Build.0 = Debug|Any CPU
		{F33B436B-4309-4106-BA2F-FE9DAD046FA3}.Release|Any CPU.ActiveCfg = Release|Any CPU
		{F33B436B-4309-4106-BA2F-FE9DAD046FA3}.Release|Any CPU.Build.0 = Release|Any CPU
		{F33B436B-4309-4106-BA2F-FE9DAD046FA3}.Release|x64.ActiveCfg = Release|Any CPU
		{F33B436B-4309-4106-BA2F-FE9DAD046FA3}.Release|x64.Build.0 = Release|Any CPU
		{F33B436B-4309-4106-BA2F-FE9DAD046FA3}.Release|x86.ActiveCfg = Release|Any CPU
		{F33B436B-4309-4106-BA2F-FE9DAD046FA3}.Release|x86.Build.0 = Release|Any CPU
		{1AE9CDC8-1E77-4E65-BA91-6B6C87E15D58}.Debug|Any CPU.ActiveCfg = Debug|Any CPU
		{1AE9CDC8-1E77-4E65-BA91-6B6C87E15D58}.Debug|Any CPU.Build.0 = Debug|Any CPU
		{1AE9CDC8-1E77-4E65-BA91-6B6C87E15D58}.Debug|x64.ActiveCfg = Debug|Any CPU
		{1AE9CDC8-1E77-4E65-BA91-6B6C87E15D58}.Debug|x64.Build.0 = Debug|Any CPU
		{1AE9CDC8-1E77-4E65-BA91-6B6C87E15D58}.Debug|x86.ActiveCfg = Debug|Any CPU
		{1AE9CDC8-1E77-4E65-BA91-6B6C87E15D58}.Debug|x86.Build.0 = Debug|Any CPU
		{1AE9CDC8-1E77-4E65-BA91-6B6C87E15D58}.Release|Any CPU.ActiveCfg = Release|Any CPU
		{1AE9CDC8-1E77-4E65-BA91-6B6C87E15D58}.Release|Any CPU.Build.0 = Release|Any CPU
		{1AE9CDC8-1E77-4E65-BA91-6B6C87E15D58}.Release|x64.ActiveCfg = Release|Any CPU
		{1AE9CDC8-1E77-4E65-BA91-6B6C87E15D58}.Release|x64.Build.0 = Release|Any CPU
		{1AE9CDC8-1E77-4E65-BA91-6B6C87E15D58}.Release|x86.ActiveCfg = Release|Any CPU
		{1AE9CDC8-1E77-4E65-BA91-6B6C87E15D58}.Release|x86.Build.0 = Release|Any CPU
		{4E0A7881-C70D-4001-834E-69713C483A1E}.Debug|Any CPU.ActiveCfg = Debug|Any CPU
		{4E0A7881-C70D-4001-834E-69713C483A1E}.Debug|Any CPU.Build.0 = Debug|Any CPU
		{4E0A7881-C70D-4001-834E-69713C483A1E}.Debug|x64.ActiveCfg = Debug|Any CPU
		{4E0A7881-C70D-4001-834E-69713C483A1E}.Debug|x64.Build.0 = Debug|Any CPU
		{4E0A7881-C70D-4001-834E-69713C483A1E}.Debug|x86.ActiveCfg = Debug|Any CPU
		{4E0A7881-C70D-4001-834E-69713C483A1E}.Debug|x86.Build.0 = Debug|Any CPU
		{4E0A7881-C70D-4001-834E-69713C483A1E}.Release|Any CPU.ActiveCfg = Release|Any CPU
		{4E0A7881-C70D-4001-834E-69713C483A1E}.Release|Any CPU.Build.0 = Release|Any CPU
		{4E0A7881-C70D-4001-834E-69713C483A1E}.Release|x64.ActiveCfg = Release|Any CPU
		{4E0A7881-C70D-4001-834E-69713C483A1E}.Release|x64.Build.0 = Release|Any CPU
		{4E0A7881-C70D-4001-834E-69713C483A1E}.Release|x86.ActiveCfg = Release|Any CPU
		{4E0A7881-C70D-4001-834E-69713C483A1E}.Release|x86.Build.0 = Release|Any CPU
		{D63B9CE0-B86B-45FA-8D17-13A58BA14FE6}.Debug|Any CPU.ActiveCfg = Debug|Any CPU
		{D63B9CE0-B86B-45FA-8D17-13A58BA14FE6}.Debug|Any CPU.Build.0 = Debug|Any CPU
		{D63B9CE0-B86B-45FA-8D17-13A58BA14FE6}.Debug|x64.ActiveCfg = Debug|Any CPU
		{D63B9CE0-B86B-45FA-8D17-13A58BA14FE6}.Debug|x64.Build.0 = Debug|Any CPU
		{D63B9CE0-B86B-45FA-8D17-13A58BA14FE6}.Debug|x86.ActiveCfg = Debug|Any CPU
		{D63B9CE0-B86B-45FA-8D17-13A58BA14FE6}.Debug|x86.Build.0 = Debug|Any CPU
		{D63B9CE0-B86B-45FA-8D17-13A58BA14FE6}.Release|Any CPU.ActiveCfg = Release|Any CPU
		{D63B9CE0-B86B-45FA-8D17-13A58BA14FE6}.Release|Any CPU.Build.0 = Release|Any CPU
		{D63B9CE0-B86B-45FA-8D17-13A58BA14FE6}.Release|x64.ActiveCfg = Release|Any CPU
		{D63B9CE0-B86B-45FA-8D17-13A58BA14FE6}.Release|x64.Build.0 = Release|Any CPU
		{D63B9CE0-B86B-45FA-8D17-13A58BA14FE6}.Release|x86.ActiveCfg = Release|Any CPU
		{D63B9CE0-B86B-45FA-8D17-13A58BA14FE6}.Release|x86.Build.0 = Release|Any CPU
		{F512189F-88AC-47DF-9909-08FFA91AA542}.Debug|Any CPU.ActiveCfg = Debug|Any CPU
		{F512189F-88AC-47DF-9909-08FFA91AA542}.Debug|Any CPU.Build.0 = Debug|Any CPU
		{F512189F-88AC-47DF-9909-08FFA91AA542}.Debug|x64.ActiveCfg = Debug|Any CPU
		{F512189F-88AC-47DF-9909-08FFA91AA542}.Debug|x64.Build.0 = Debug|Any CPU
		{F512189F-88AC-47DF-9909-08FFA91AA542}.Debug|x86.ActiveCfg = Debug|Any CPU
		{F512189F-88AC-47DF-9909-08FFA91AA542}.Debug|x86.Build.0 = Debug|Any CPU
		{F512189F-88AC-47DF-9909-08FFA91AA542}.Release|Any CPU.ActiveCfg = Release|Any CPU
		{F512189F-88AC-47DF-9909-08FFA91AA542}.Release|Any CPU.Build.0 = Release|Any CPU
		{F512189F-88AC-47DF-9909-08FFA91AA542}.Release|x64.ActiveCfg = Release|Any CPU
		{F512189F-88AC-47DF-9909-08FFA91AA542}.Release|x64.Build.0 = Release|Any CPU
		{F512189F-88AC-47DF-9909-08FFA91AA542}.Release|x86.ActiveCfg = Release|Any CPU
		{F512189F-88AC-47DF-9909-08FFA91AA542}.Release|x86.Build.0 = Release|Any CPU
		{0E355A58-727B-423F-B006-FB3ACBEEC394}.Debug|Any CPU.ActiveCfg = Debug|Any CPU
		{0E355A58-727B-423F-B006-FB3ACBEEC394}.Debug|Any CPU.Build.0 = Debug|Any CPU
		{0E355A58-727B-423F-B006-FB3ACBEEC394}.Debug|x64.ActiveCfg = Debug|Any CPU
		{0E355A58-727B-423F-B006-FB3ACBEEC394}.Debug|x64.Build.0 = Debug|Any CPU
		{0E355A58-727B-423F-B006-FB3ACBEEC394}.Debug|x86.ActiveCfg = Debug|Any CPU
		{0E355A58-727B-423F-B006-FB3ACBEEC394}.Debug|x86.Build.0 = Debug|Any CPU
		{0E355A58-727B-423F-B006-FB3ACBEEC394}.Release|Any CPU.ActiveCfg = Release|Any CPU
		{0E355A58-727B-423F-B006-FB3ACBEEC394}.Release|Any CPU.Build.0 = Release|Any CPU
		{0E355A58-727B-423F-B006-FB3ACBEEC394}.Release|x64.ActiveCfg = Release|Any CPU
		{0E355A58-727B-423F-B006-FB3ACBEEC394}.Release|x64.Build.0 = Release|Any CPU
		{0E355A58-727B-423F-B006-FB3ACBEEC394}.Release|x86.ActiveCfg = Release|Any CPU
		{0E355A58-727B-423F-B006-FB3ACBEEC394}.Release|x86.Build.0 = Release|Any CPU
		{78CB829D-3680-45CD-ADFE-862A3AE02BEE}.Debug|Any CPU.ActiveCfg = Debug|Any CPU
		{78CB829D-3680-45CD-ADFE-862A3AE02BEE}.Debug|Any CPU.Build.0 = Debug|Any CPU
		{78CB829D-3680-45CD-ADFE-862A3AE02BEE}.Debug|x64.ActiveCfg = Debug|Any CPU
		{78CB829D-3680-45CD-ADFE-862A3AE02BEE}.Debug|x64.Build.0 = Debug|Any CPU
		{78CB829D-3680-45CD-ADFE-862A3AE02BEE}.Debug|x86.ActiveCfg = Debug|Any CPU
		{78CB829D-3680-45CD-ADFE-862A3AE02BEE}.Debug|x86.Build.0 = Debug|Any CPU
		{78CB829D-3680-45CD-ADFE-862A3AE02BEE}.Release|Any CPU.ActiveCfg = Release|Any CPU
		{78CB829D-3680-45CD-ADFE-862A3AE02BEE}.Release|Any CPU.Build.0 = Release|Any CPU
		{78CB829D-3680-45CD-ADFE-862A3AE02BEE}.Release|x64.ActiveCfg = Release|Any CPU
		{78CB829D-3680-45CD-ADFE-862A3AE02BEE}.Release|x64.Build.0 = Release|Any CPU
		{78CB829D-3680-45CD-ADFE-862A3AE02BEE}.Release|x86.ActiveCfg = Release|Any CPU
		{78CB829D-3680-45CD-ADFE-862A3AE02BEE}.Release|x86.Build.0 = Release|Any CPU
	EndGlobalSection
	GlobalSection(SolutionProperties) = preSolution
		HideSolutionNode = FALSE
	EndGlobalSection
	GlobalSection(NestedProjects) = preSolution
		{16862291-92CF-4768-B947-9AC6FB01B723} = {827E0CD3-B72D-47B6-A68D-7590B98EB39B}
		{F33B436B-4309-4106-BA2F-FE9DAD046FA3} = {827E0CD3-B72D-47B6-A68D-7590B98EB39B}
		{1AE9CDC8-1E77-4E65-BA91-6B6C87E15D58} = {827E0CD3-B72D-47B6-A68D-7590B98EB39B}
		{4E0A7881-C70D-4001-834E-69713C483A1E} = {827E0CD3-B72D-47B6-A68D-7590B98EB39B}
		{D63B9CE0-B86B-45FA-8D17-13A58BA14FE6} = {827E0CD3-B72D-47B6-A68D-7590B98EB39B}
		{F512189F-88AC-47DF-9909-08FFA91AA542} = {827E0CD3-B72D-47B6-A68D-7590B98EB39B}
		{0E355A58-727B-423F-B006-FB3ACBEEC394} = {827E0CD3-B72D-47B6-A68D-7590B98EB39B}
		{78CB829D-3680-45CD-ADFE-862A3AE02BEE} = {827E0CD3-B72D-47B6-A68D-7590B98EB39B}
	EndGlobalSection
EndGlobal
